
Microsoft Visual Studio Solution File, Format Version 12.00
# Visual Studio Version 17
VisualStudioVersion = 17.10.35027.167
MinimumVisualStudioVersion = 10.0.40219.1
Project("{FAE04EC0-301F-11D3-BF4B-00C04F79EFBC}") = "Test2", "Test2\Test2.csproj", "{D5B8F1A4-EE29-4818-800E-1A8429E9491D}"
EndProject
Global
	GlobalSection(SolutionConfigurationPlatforms) = preSolution
		Debug|Any CPU = Debug|Any CPU
		Release|Any CPU = Release|Any CPU
	EndGlobalSection
	GlobalSection(ProjectConfigurationPlatforms) = postSolution
		{D5B8F1A4-EE29-4818-800E-1A8429E9491D}.Debug|Any CPU.ActiveCfg = Debug|Any CPU
		{D5B8F1A4-EE29-4818-800E-1A8429E9491D}.Debug|Any CPU.Build.0 = Debug|Any CPU
		{D5B8F1A4-EE29-4818-800E-1A8429E9491D}.Release|Any CPU.ActiveCfg = Release|Any CPU
		{D5B8F1A4-EE29-4818-800E-1A8429E9491D}.Release|Any CPU.Build.0 = Release|Any CPU
	EndGlobalSection
	GlobalSection(SolutionProperties) = preSolution
		HideSolutionNode = FALSE
	EndGlobalSection
	GlobalSection(ExtensibilityGlobals) = postSolution
		SolutionGuid = {1A07F711-7FEC-4872-8A9F-E9AF022995C0}
	EndGlobalSection
EndGlobal
